
Microsoft Visual Studio Solution File, Format Version 12.00
# Visual Studio Version 17
VisualStudioVersion = 17.5.33516.290
MinimumVisualStudioVersion = 10.0.40219.1
Project("{FAE04EC0-301F-11D3-BF4B-00C04F79EFBC}") = "SOLID", "SOLID.csproj", "{BBFCED95-DEEE-4023-8DBF-C3F4AA0521BB}"
EndProject
Global
	GlobalSection(SolutionConfigurationPlatforms) = preSolution
		Debug|Any CPU = Debug|Any CPU
		Release|Any CPU = Release|Any CPU
	EndGlobalSection
	GlobalSection(ProjectConfigurationPlatforms) = postSolution
		{BBFCED95-DEEE-4023-8DBF-C3F4AA0521BB}.Debug|Any CPU.ActiveCfg = Debug|Any CPU
		{BBFCED95-DEEE-4023-8DBF-C3F4AA0521BB}.Debug|Any CPU.Build.0 = Debug|Any CPU
		{BBFCED95-DEEE-4023-8DBF-C3F4AA0521BB}.Release|Any CPU.ActiveCfg = Release|Any CPU
		{BBFCED95-DEEE-4023-8DBF-C3F4AA0521BB}.Release|Any CPU.Build.0 = Release|Any CPU
	EndGlobalSection
	GlobalSection(SolutionProperties) = preSolution
		HideSolutionNode = FALSE
	EndGlobalSection
	GlobalSection(ExtensibilityGlobals) = postSolution
		SolutionGuid = {FADD9457-9510-4F4C-B9DC-C657A89B4256}
	EndGlobalSection
EndGlobal
